# THIS IS AN AUTOGENERATED FILE. DO NOT EDIT THIS FILE DIRECTLY.
# yarn lockfile v1


marked@^5.0.2:
  version "5.0.5"
  resolved "https://registry.yarnpkg.com/marked/-/marked-5.0.5.tgz#1c7bd284d7d29d7d75d6241b26e5d5bf3b558a12"
  integrity sha512-auTmKJTBwZM/GLVFOhmkY7pL8v/0DxiDaXRC2kEyajcNJ0XXn9NphLD0106dbWrbPwcyD4Y0Dus16OkCzUMkfg==

moment@^2.18.1:
  version "2.18.1"
  resolved "https://registry.yarnpkg.com/moment/-/moment-2.18.1.tgz#c36193dd3ce1c2eed2adb7c802dbbc77a81b1c0f"
